
Microsoft Visual Studio Solution File, Format Version 12.00
# Visual Studio Version 17
VisualStudioVersion = 17.5.33502.453
MinimumVisualStudioVersion = 10.0.40219.1
Project("{FAE04EC0-301F-11D3-BF4B-00C04F79EFBC}") = "VizibicikliKolcsonzo", "VizibicikliKolcsonzo\VizibicikliKolcsonzo.csproj", "{F454F875-ABA4-47EA-B3F7-25F29B0CA3EF}"
EndProject
Global
	GlobalSection(SolutionConfigurationPlatforms) = preSolution
		Debug|Any CPU = Debug|Any CPU
		Release|Any CPU = Release|Any CPU
	EndGlobalSection
	GlobalSection(ProjectConfigurationPlatforms) = postSolution
		{F454F875-ABA4-47EA-B3F7-25F29B0CA3EF}.Debug|Any CPU.ActiveCfg = Debug|Any CPU
		{F454F875-ABA4-47EA-B3F7-25F29B0CA3EF}.Debug|Any CPU.Build.0 = Debug|Any CPU
		{F454F875-ABA4-47EA-B3F7-25F29B0CA3EF}.Release|Any CPU.ActiveCfg = Release|Any CPU
		{F454F875-ABA4-47EA-B3F7-25F29B0CA3EF}.Release|Any CPU.Build.0 = Release|Any CPU
	EndGlobalSection
	GlobalSection(SolutionProperties) = preSolution
		HideSolutionNode = FALSE
	EndGlobalSection
	GlobalSection(ExtensibilityGlobals) = postSolution
		SolutionGuid = {385447C6-1065-4A11-A73B-521B034DAA38}
	EndGlobalSection
EndGlobal
